// !$*UTF8*$!
{
	archiveVersion = 1;
	classes = {
	};
	objectVersion = 48;
	objects = {

/* Begin PBXBuildFile section */
		60AF3E9E2046A442002E3DB0 /* AppDelegate.m in Sources */ = {isa = PBXBuildFile; fileRef = 60AF3E9D2046A442002E3DB0 /* AppDelegate.m */; };
		60AF3EA12046A442002E3DB0 /* ViewController.m in Sources */ = {isa = PBXBuildFile; fileRef = 60AF3EA02046A442002E3DB0 /* ViewController.m */; };
		60AF3EA42046A442002E3DB0 /* Main.storyboard in Resources */ = {isa = PBXBuildFile; fileRef = 60AF3EA22046A442002E3DB0 /* Main.storyboard */; };
		60AF3EA62046A442002E3DB0 /* Assets.xcassets in Resources */ = {isa = PBXBuildFile; fileRef = 60AF3EA52046A442002E3DB0 /* Assets.xcassets */; };
		60AF3EA92046A442002E3DB0 /* LaunchScreen.storyboard in Resources */ = {isa = PBXBuildFile; fileRef = 60AF3EA72046A442002E3DB0 /* LaunchScreen.storyboard */; };
		60AF3EAC2046A443002E3DB0 /* main.m in Sources */ = {isa = PBXBuildFile; fileRef = 60AF3EAB2046A443002E3DB0 /* main.m */; };
		60AF3EB62046A443002E3DB0 /* SingeleChoiceDemoTests.m in Sources */ = {isa = PBXBuildFile; fileRef = 60AF3EB52046A443002E3DB0 /* SingeleChoiceDemoTests.m */; };
		60AF3EC12046A443002E3DB0 /* SingeleChoiceDemoUITests.m in Sources */ = {isa = PBXBuildFile; fileRef = 60AF3EC02046A443002E3DB0 /* SingeleChoiceDemoUITests.m */; };
		60AF3ED72046A4DA002E3DB0 /* TableVC_MulChoose.m in Sources */ = {isa = PBXBuildFile; fileRef = 60AF3ED32046A4D9002E3DB0 /* TableVC_MulChoose.m */; };
		60AF3ED82046A4DA002E3DB0 /* CollectViewVC_Mulchoose.m in Sources */ = {isa = PBXBuildFile; fileRef = 60AF3ED42046A4DA002E3DB0 /* CollectViewVC_Mulchoose.m */; };
		60AF3ED92046A4DA002E3DB0 /* CollectViewVC_SingleChoose.m in Sources */ = {isa = PBXBuildFile; fileRef = 60AF3ED52046A4DA002E3DB0 /* CollectViewVC_SingleChoose.m */; };
		60AF3EDA2046A4DA002E3DB0 /* TableVC_SingleChoose.m in Sources */ = {isa = PBXBuildFile; fileRef = 60AF3ED62046A4DA002E3DB0 /* TableVC_SingleChoose.m */; };
		60AF3F072046A4E3002E3DB0 /* SingleChooseTable.m in Sources */ = {isa = PBXBuildFile; fileRef = 60AF3EE02046A4E3002E3DB0 /* SingleChooseTable.m */; };
		60AF3F082046A4E3002E3DB0 /* MulChooseTable.m in Sources */ = {isa = PBXBuildFile; fileRef = 60AF3EE12046A4E3002E3DB0 /* MulChooseTable.m */; };
		60AF3F092046A4E3002E3DB0 /* TableChooseCell.m in Sources */ = {isa = PBXBuildFile; fileRef = 60AF3EE22046A4E3002E3DB0 /* TableChooseCell.m */; };
		60AF3F0A2046A4E3002E3DB0 /* NSLayoutConstraint+MASDebugAdditions.m in Sources */ = {isa = PBXBuildFile; fileRef = 60AF3EE52046A4E3002E3DB0 /* NSLayoutConstraint+MASDebugAdditions.m */; };
		60AF3F0B2046A4E3002E3DB0 /* ViewController+MASAdditions.m in Sources */ = {isa = PBXBuildFile; fileRef = 60AF3EEE2046A4E3002E3DB0 /* ViewController+MASAdditions.m */; };
		60AF3F0C2046A4E3002E3DB0 /* MASCompositeConstraint.m in Sources */ = {isa = PBXBuildFile; fileRef = 60AF3EF22046A4E3002E3DB0 /* MASCompositeConstraint.m */; };
		60AF3F0D2046A4E3002E3DB0 /* MASConstraintMaker.m in Sources */ = {isa = PBXBuildFile; fileRef = 60AF3EF32046A4E3002E3DB0 /* MASConstraintMaker.m */; };
		60AF3F0E2046A4E3002E3DB0 /* MASLayoutConstraint.m in Sources */ = {isa = PBXBuildFile; fileRef = 60AF3EF42046A4E3002E3DB0 /* MASLayoutConstraint.m */; };
		60AF3F0F2046A4E3002E3DB0 /* NSArray+MASAdditions.m in Sources */ = {isa = PBXBuildFile; fileRef = 60AF3EF52046A4E3002E3DB0 /* NSArray+MASAdditions.m */; };
		60AF3F102046A4E3002E3DB0 /* View+MASAdditions.m in Sources */ = {isa = PBXBuildFile; fileRef = 60AF3EF62046A4E3002E3DB0 /* View+MASAdditions.m */; };
		60AF3F112046A4E3002E3DB0 /* MASConstraint.m in Sources */ = {isa = PBXBuildFile; fileRef = 60AF3EF92046A4E3002E3DB0 /* MASConstraint.m */; };
		60AF3F122046A4E3002E3DB0 /* MASViewConstraint.m in Sources */ = {isa = PBXBuildFile; fileRef = 60AF3EFB2046A4E3002E3DB0 /* MASViewConstraint.m */; };
		60AF3F132046A4E3002E3DB0 /* MASViewAttribute.m in Sources */ = {isa = PBXBuildFile; fileRef = 60AF3EFC2046A4E3002E3DB0 /* MASViewAttribute.m */; };
		60AF3F142046A4E3002E3DB0 /* Info.plist in Resources */ = {isa = PBXBuildFile; fileRef = 60AF3EFD2046A4E3002E3DB0 /* Info.plist */; };
		60AF3F152046A4E3002E3DB0 /* HeaderView.m in Sources */ = {isa = PBXBuildFile; fileRef = 60AF3EFF2046A4E3002E3DB0 /* HeaderView.m */; };
		60AF3F162046A4E3002E3DB0 /* CollectviewChooseCell.m in Sources */ = {isa = PBXBuildFile; fileRef = 60AF3F022046A4E3002E3DB0 /* CollectviewChooseCell.m */; };
		60AF3F172046A4E3002E3DB0 /* SingleChooseCollectview.m in Sources */ = {isa = PBXBuildFile; fileRef = 60AF3F042046A4E3002E3DB0 /* SingleChooseCollectview.m */; };
		60AF3F182046A4E3002E3DB0 /* MulChooseCollectView.m in Sources */ = {isa = PBXBuildFile; fileRef = 60AF3F052046A4E3002E3DB0 /* MulChooseCollectView.m */; };
/* End PBXBuildFile section */

/* Begin PBXContainerItemProxy section */
		60AF3EB22046A443002E3DB0 /* PBXContainerItemProxy */ = {
			isa = PBXContainerItemProxy;
			containerPortal = 60AF3E912046A442002E3DB0 /* Project object */;
			proxyType = 1;
			remoteGlobalIDString = 60AF3E982046A442002E3DB0;
			remoteInfo = SingeleChoiceDemo;
		};
		60AF3EBD2046A443002E3DB0 /* PBXContainerItemProxy */ = {
			isa = PBXContainerItemProxy;
			containerPortal = 60AF3E912046A442002E3DB0 /* Project object */;
			proxyType = 1;
			remoteGlobalIDString = 60AF3E982046A442002E3DB0;
			remoteInfo = SingeleChoiceDemo;
		};
/* End PBXContainerItemProxy section */

/* Begin PBXFileReference section */
		60AF3E992046A442002E3DB0 /* SingeleChoiceDemo.app */ = {isa = PBXFileReference; explicitFileType = wrapper.application; includeInIndex = 0; path = SingeleChoiceDemo.app; sourceTree = BUILT_PRODUCTS_DIR; };
		60AF3E9C2046A442002E3DB0 /* AppDelegate.h */ = {isa = PBXFileReference; lastKnownFileType = sourcecode.c.h; path = AppDelegate.h; sourceTree = "<group>"; };
		60AF3E9D2046A442002E3DB0 /* AppDelegate.m */ = {isa = PBXFileReference; lastKnownFileType = sourcecode.c.objc; path = AppDelegate.m; sourceTree = "<group>"; };
		60AF3E9F2046A442002E3DB0 /* ViewController.h */ = {isa = PBXFileReference; lastKnownFileType = sourcecode.c.h; path = ViewController.h; sourceTree = "<group>"; };
		60AF3EA02046A442002E3DB0 /* ViewController.m */ = {isa = PBXFileReference; lastKnownFileType = sourcecode.c.objc; path = ViewController.m; sourceTree = "<group>"; };
		60AF3EA32046A442002E3DB0 /* Base */ = {isa = PBXFileReference; lastKnownFileType = file.storyboard; name = Base; path = Base.lproj/Main.storyboard; sourceTree = "<group>"; };
		60AF3EA52046A442002E3DB0 /* Assets.xcassets */ = {isa = PBXFileReference; lastKnownFileType = folder.assetcatalog; path = Assets.xcassets; sourceTree = "<group>"; };
		60AF3EA82046A442002E3DB0 /* Base */ = {isa = PBXFileReference; lastKnownFileType = file.storyboard; name = Base; path = Base.lproj/LaunchScreen.storyboard; sourceTree = "<group>"; };
		60AF3EAA2046A443002E3DB0 /* Info.plist */ = {isa = PBXFileReference; lastKnownFileType = text.plist.xml; path = Info.plist; sourceTree = "<group>"; };
		60AF3EAB2046A443002E3DB0 /* main.m */ = {isa = PBXFileReference; lastKnownFileType = sourcecode.c.objc; path = main.m; sourceTree = "<group>"; };
		60AF3EB12046A443002E3DB0 /* SingeleChoiceDemoTests.xctest */ = {isa = PBXFileReference; explicitFileType = wrapper.cfbundle; includeInIndex = 0; path = SingeleChoiceDemoTests.xctest; sourceTree = BUILT_PRODUCTS_DIR; };
		60AF3EB52046A443002E3DB0 /* SingeleChoiceDemoTests.m */ = {isa = PBXFileReference; lastKnownFileType = sourcecode.c.objc; path = SingeleChoiceDemoTests.m; sourceTree = "<group>"; };
		60AF3EB72046A443002E3DB0 /* Info.plist */ = {isa = PBXFileReference; lastKnownFileType = text.plist.xml; path = Info.plist; sourceTree = "<group>"; };
		60AF3EBC2046A443002E3DB0 /* SingeleChoiceDemoUITests.xctest */ = {isa = PBXFileReference; explicitFileType = wrapper.cfbundle; includeInIndex = 0; path = SingeleChoiceDemoUITests.xctest; sourceTree = BUILT_PRODUCTS_DIR; };
		60AF3EC02046A443002E3DB0 /* SingeleChoiceDemoUITests.m */ = {isa = PBXFileReference; lastKnownFileType = sourcecode.c.objc; path = SingeleChoiceDemoUITests.m; sourceTree = "<group>"; };
		60AF3EC22046A443002E3DB0 /* Info.plist */ = {isa = PBXFileReference; lastKnownFileType = text.plist.xml; path = Info.plist; sourceTree = "<group>"; };
		60AF3ECF2046A4D9002E3DB0 /* TableVC_SingleChoose.h */ = {isa = PBXFileReference; fileEncoding = 4; lastKnownFileType = sourcecode.c.h; path = TableVC_SingleChoose.h; sourceTree = "<group>"; };
		60AF3ED02046A4D9002E3DB0 /* CollectViewVC_Mulchoose.h */ = {isa = PBXFileReference; fileEncoding = 4; lastKnownFileType = sourcecode.c.h; path = CollectViewVC_Mulchoose.h; sourceTree = "<group>"; };
		60AF3ED12046A4D9002E3DB0 /* CollectViewVC_SingleChoose.h */ = {isa = PBXFileReference; fileEncoding = 4; lastKnownFileType = sourcecode.c.h; path = CollectViewVC_SingleChoose.h; sourceTree = "<group>"; };
		60AF3ED22046A4D9002E3DB0 /* TableVC_MulChoose.h */ = {isa = PBXFileReference; fileEncoding = 4; lastKnownFileType = sourcecode.c.h; path = TableVC_MulChoose.h; sourceTree = "<group>"; };
		60AF3ED32046A4D9002E3DB0 /* TableVC_MulChoose.m */ = {isa = PBXFileReference; fileEncoding = 4; lastKnownFileType = sourcecode.c.objc; path = TableVC_MulChoose.m; sourceTree = "<group>"; };
		60AF3ED42046A4DA002E3DB0 /* CollectViewVC_Mulchoose.m */ = {isa = PBXFileReference; fileEncoding = 4; lastKnownFileType = sourcecode.c.objc; path = CollectViewVC_Mulchoose.m; sourceTree = "<group>"; };
		60AF3ED52046A4DA002E3DB0 /* CollectViewVC_SingleChoose.m */ = {isa = PBXFileReference; fileEncoding = 4; lastKnownFileType = sourcecode.c.objc; path = CollectViewVC_SingleChoose.m; sourceTree = "<group>"; };
		60AF3ED62046A4DA002E3DB0 /* TableVC_SingleChoose.m */ = {isa = PBXFileReference; fileEncoding = 4; lastKnownFileType = sourcecode.c.objc; path = TableVC_SingleChoose.m; sourceTree = "<group>"; };
		60AF3EDD2046A4E3002E3DB0 /* MulChooseTable.h */ = {isa = PBXFileReference; fileEncoding = 4; lastKnownFileType = sourcecode.c.h; path = MulChooseTable.h; sourceTree = "<group>"; };
		60AF3EDE2046A4E3002E3DB0 /* SingleChooseTable.h */ = {isa = PBXFileReference; fileEncoding = 4; lastKnownFileType = sourcecode.c.h; path = SingleChooseTable.h; sourceTree = "<group>"; };
		60AF3EDF2046A4E3002E3DB0 /* TableChooseCell.h */ = {isa = PBXFileReference; fileEncoding = 4; lastKnownFileType = sourcecode.c.h; path = TableChooseCell.h; sourceTree = "<group>"; };
		60AF3EE02046A4E3002E3DB0 /* SingleChooseTable.m */ = {isa = PBXFileReference; fileEncoding = 4; lastKnownFileType = sourcecode.c.objc; path = SingleChooseTable.m; sourceTree = "<group>"; };
		60AF3EE12046A4E3002E3DB0 /* MulChooseTable.m */ = {isa = PBXFileReference; fileEncoding = 4; lastKnownFileType = sourcecode.c.objc; path = MulChooseTable.m; sourceTree = "<group>"; };
		60AF3EE22046A4E3002E3DB0 /* TableChooseCell.m */ = {isa = PBXFileReference; fileEncoding = 4; lastKnownFileType = sourcecode.c.objc; path = TableChooseCell.m; sourceTree = "<group>"; };
		60AF3EE42046A4E3002E3DB0 /* MASCompositeConstraint.h */ = {isa = PBXFileReference; fileEncoding = 4; lastKnownFileType = sourcecode.c.h; path = MASCompositeConstraint.h; sourceTree = "<group>"; };
		60AF3EE52046A4E3002E3DB0 /* NSLayoutConstraint+MASDebugAdditions.m */ = {isa = PBXFileReference; fileEncoding = 4; lastKnownFileType = sourcecode.c.objc; path = "NSLayoutConstraint+MASDebugAdditions.m"; sourceTree = "<group>"; };
		60AF3EE62046A4E3002E3DB0 /* MASConstraint+Private.h */ = {isa = PBXFileReference; fileEncoding = 4; lastKnownFileType = sourcecode.c.h; path = "MASConstraint+Private.h"; sourceTree = "<group>"; };
		60AF3EE72046A4E3002E3DB0 /* MASLayoutConstraint.h */ = {isa = PBXFileReference; fileEncoding = 4; lastKnownFileType = sourcecode.c.h; path = MASLayoutConstraint.h; sourceTree = "<group>"; };
		60AF3EE82046A4E3002E3DB0 /* NSArray+MASShorthandAdditions.h */ = {isa = PBXFileReference; fileEncoding = 4; lastKnownFileType = sourcecode.c.h; path = "NSArray+MASShorthandAdditions.h"; sourceTree = "<group>"; };
		60AF3EE92046A4E3002E3DB0 /* MASConstraintMaker.h */ = {isa = PBXFileReference; fileEncoding = 4; lastKnownFileType = sourcecode.c.h; path = MASConstraintMaker.h; sourceTree = "<group>"; };
		60AF3EEA2046A4E3002E3DB0 /* View+MASAdditions.h */ = {isa = PBXFileReference; fileEncoding = 4; lastKnownFileType = sourcecode.c.h; path = "View+MASAdditions.h"; sourceTree = "<group>"; };
		60AF3EEB2046A4E3002E3DB0 /* NSArray+MASAdditions.h */ = {isa = PBXFileReference; fileEncoding = 4; lastKnownFileType = sourcecode.c.h; path = "NSArray+MASAdditions.h"; sourceTree = "<group>"; };
		60AF3EEC2046A4E3002E3DB0 /* MASUtilities.h */ = {isa = PBXFileReference; fileEncoding = 4; lastKnownFileType = sourcecode.c.h; path = MASUtilities.h; sourceTree = "<group>"; };
		60AF3EED2046A4E3002E3DB0 /* MASViewAttribute.h */ = {isa = PBXFileReference; fileEncoding = 4; lastKnownFileType = sourcecode.c.h; path = MASViewAttribute.h; sourceTree = "<group>"; };
		60AF3EEE2046A4E3002E3DB0 /* ViewController+MASAdditions.m */ = {isa = PBXFileReference; fileEncoding = 4; lastKnownFileType = sourcecode.c.objc; path = "ViewController+MASAdditions.m"; sourceTree = "<group>"; };
		60AF3EEF2046A4E3002E3DB0 /* MASViewConstraint.h */ = {isa = PBXFileReference; fileEncoding = 4; lastKnownFileType = sourcecode.c.h; path = MASViewConstraint.h; sourceTree = "<group>"; };
		60AF3EF02046A4E3002E3DB0 /* MASConstraint.h */ = {isa = PBXFileReference; fileEncoding = 4; lastKnownFileType = sourcecode.c.h; path = MASConstraint.h; sourceTree = "<group>"; };
		60AF3EF12046A4E3002E3DB0 /* NSLayoutConstraint+MASDebugAdditions.h */ = {isa = PBXFileReference; fileEncoding = 4; lastKnownFileType = sourcecode.c.h; path = "NSLayoutConstraint+MASDebugAdditions.h"; sourceTree = "<group>"; };
		60AF3EF22046A4E3002E3DB0 /* MASCompositeConstraint.m */ = {isa = PBXFileReference; fileEncoding = 4; lastKnownFileType = sourcecode.c.objc; path = MASCompositeConstraint.m; sourceTree = "<group>"; };
		60AF3EF32046A4E3002E3DB0 /* MASConstraintMaker.m */ = {isa = PBXFileReference; fileEncoding = 4; lastKnownFileType = sourcecode.c.objc; path = MASConstraintMaker.m; sourceTree = "<group>"; };
		60AF3EF42046A4E3002E3DB0 /* MASLayoutConstraint.m */ = {isa = PBXFileReference; fileEncoding = 4; lastKnownFileType = sourcecode.c.objc; path = MASLayoutConstraint.m; sourceTree = "<group>"; };
		60AF3EF52046A4E3002E3DB0 /* NSArray+MASAdditions.m */ = {isa = PBXFileReference; fileEncoding = 4; lastKnownFileType = sourcecode.c.objc; path = "NSArray+MASAdditions.m"; sourceTree = "<group>"; };
		60AF3EF62046A4E3002E3DB0 /* View+MASAdditions.m */ = {isa = PBXFileReference; fileEncoding = 4; lastKnownFileType = sourcecode.c.objc; path = "View+MASAdditions.m"; sourceTree = "<group>"; };
		60AF3EF72046A4E3002E3DB0 /* View+MASShorthandAdditions.h */ = {isa = PBXFileReference; fileEncoding = 4; lastKnownFileType = sourcecode.c.h; path = "View+MASShorthandAdditions.h"; sourceTree = "<group>"; };
		60AF3EF82046A4E3002E3DB0 /* Masonry.h */ = {isa = PBXFileReference; fileEncoding = 4; lastKnownFileType = sourcecode.c.h; path = Masonry.h; sourceTree = "<group>"; };
		60AF3EF92046A4E3002E3DB0 /* MASConstraint.m */ = {isa = PBXFileReference; fileEncoding = 4; lastKnownFileType = sourcecode.c.objc; path = MASConstraint.m; sourceTree = "<group>"; };
		60AF3EFA2046A4E3002E3DB0 /* ViewController+MASAdditions.h */ = {isa = PBXFileReference; fileEncoding = 4; lastKnownFileType = sourcecode.c.h; path = "ViewController+MASAdditions.h"; sourceTree = "<group>"; };
		60AF3EFB2046A4E3002E3DB0 /* MASViewConstraint.m */ = {isa = PBXFileReference; fileEncoding = 4; lastKnownFileType = sourcecode.c.objc; path = MASViewConstraint.m; sourceTree = "<group>"; };
		60AF3EFC2046A4E3002E3DB0 /* MASViewAttribute.m */ = {isa = PBXFileReference; fileEncoding = 4; lastKnownFileType = sourcecode.c.objc; path = MASViewAttribute.m; sourceTree = "<group>"; };
		60AF3EFD2046A4E3002E3DB0 /* Info.plist */ = {isa = PBXFileReference; fileEncoding = 4; lastKnownFileType = text.plist.xml; path = Info.plist; sourceTree = "<group>"; };
		60AF3EFF2046A4E3002E3DB0 /* HeaderView.m */ = {isa = PBXFileReference; fileEncoding = 4; lastKnownFileType = sourcecode.c.objc; path = HeaderView.m; sourceTree = "<group>"; };
		60AF3F002046A4E3002E3DB0 /* SingleChooseCollectview.h */ = {isa = PBXFileReference; fileEncoding = 4; lastKnownFileType = sourcecode.c.h; path = SingleChooseCollectview.h; sourceTree = "<group>"; };
		60AF3F012046A4E3002E3DB0 /* MulChooseCollectView.h */ = {isa = PBXFileReference; fileEncoding = 4; lastKnownFileType = sourcecode.c.h; path = MulChooseCollectView.h; sourceTree = "<group>"; };
		60AF3F022046A4E3002E3DB0 /* CollectviewChooseCell.m */ = {isa = PBXFileReference; fileEncoding = 4; lastKnownFileType = sourcecode.c.objc; path = CollectviewChooseCell.m; sourceTree = "<group>"; };
		60AF3F032046A4E3002E3DB0 /* HeaderView.h */ = {isa = PBXFileReference; fileEncoding = 4; lastKnownFileType = sourcecode.c.h; path = HeaderView.h; sourceTree = "<group>"; };
		60AF3F042046A4E3002E3DB0 /* SingleChooseCollectview.m */ = {isa = PBXFileReference; fileEncoding = 4; lastKnownFileType = sourcecode.c.objc; path = SingleChooseCollectview.m; sourceTree = "<group>"; };
		60AF3F052046A4E3002E3DB0 /* MulChooseCollectView.m */ = {isa = PBXFileReference; fileEncoding = 4; lastKnownFileType = sourcecode.c.objc; path = MulChooseCollectView.m; sourceTree = "<group>"; };
		60AF3F062046A4E3002E3DB0 /* CollectviewChooseCell.h */ = {isa = PBXFileReference; fileEncoding = 4; lastKnownFileType = sourcecode.c.h; path = CollectviewChooseCell.h; sourceTree = "<group>"; };
		60AF3F192046A55E002E3DB0 /* PrefixHeader.pch */ = {isa = PBXFileReference; lastKnownFileType = sourcecode.c.h; path = PrefixHeader.pch; sourceTree = "<group>"; };
/* End PBXFileReference section */

/* Begin PBXFrameworksBuildPhase section */
		60AF3E962046A442002E3DB0 /* Frameworks */ = {
			isa = PBXFrameworksBuildPhase;
			buildActionMask = 2147483647;
			files = (
			);
			runOnlyForDeploymentPostprocessing = 0;
		};
		60AF3EAE2046A443002E3DB0 /* Frameworks */ = {
			isa = PBXFrameworksBuildPhase;
			buildActionMask = 2147483647;
			files = (
			);
			runOnlyForDeploymentPostprocessing = 0;
		};
		60AF3EB92046A443002E3DB0 /* Frameworks */ = {
			isa = PBXFrameworksBuildPhase;
			buildActionMask = 2147483647;
			files = (
			);
			runOnlyForDeploymentPostprocessing = 0;
		};
/* End PBXFrameworksBuildPhase section */

/* Begin PBXGroup section */
		60AF3E902046A442002E3DB0 = {
			isa = PBXGroup;
			children = (
				60AF3E9B2046A442002E3DB0 /* SingeleChoiceDemo */,
				60AF3EB42046A443002E3DB0 /* SingeleChoiceDemoTests */,
				60AF3EBF2046A443002E3DB0 /* SingeleChoiceDemoUITests */,
				60AF3E9A2046A442002E3DB0 /* Products */,
			);
			sourceTree = "<group>";
		};
		60AF3E9A2046A442002E3DB0 /* Products */ = {
			isa = PBXGroup;
			children = (
				60AF3E992046A442002E3DB0 /* SingeleChoiceDemo.app */,
				60AF3EB12046A443002E3DB0 /* SingeleChoiceDemoTests.xctest */,
				60AF3EBC2046A443002E3DB0 /* SingeleChoiceDemoUITests.xctest */,
			);
			name = Products;
			sourceTree = "<group>";
		};
		60AF3E9B2046A442002E3DB0 /* SingeleChoiceDemo */ = {
			isa = PBXGroup;
			children = (
				60AF3EDB2046A4E3002E3DB0 /* L2H_MulChoose */,
				60AF3E9C2046A442002E3DB0 /* AppDelegate.h */,
				60AF3E9D2046A442002E3DB0 /* AppDelegate.m */,
				60AF3E9F2046A442002E3DB0 /* ViewController.h */,
				60AF3EA02046A442002E3DB0 /* ViewController.m */,
				60AF3ED02046A4D9002E3DB0 /* CollectViewVC_Mulchoose.h */,
				60AF3ED42046A4DA002E3DB0 /* CollectViewVC_Mulchoose.m */,
				60AF3ED12046A4D9002E3DB0 /* CollectViewVC_SingleChoose.h */,
				60AF3ED52046A4DA002E3DB0 /* CollectViewVC_SingleChoose.m */,
				60AF3ED22046A4D9002E3DB0 /* TableVC_MulChoose.h */,
				60AF3ED32046A4D9002E3DB0 /* TableVC_MulChoose.m */,
				60AF3ECF2046A4D9002E3DB0 /* TableVC_SingleChoose.h */,
				60AF3ED62046A4DA002E3DB0 /* TableVC_SingleChoose.m */,
				60AF3EA22046A442002E3DB0 /* Main.storyboard */,
				60AF3EA52046A442002E3DB0 /* Assets.xcassets */,
				60AF3EA72046A442002E3DB0 /* LaunchScreen.storyboard */,
				60AF3EAA2046A443002E3DB0 /* Info.plist */,
				60AF3EAB2046A443002E3DB0 /* main.m */,
				60AF3F192046A55E002E3DB0 /* PrefixHeader.pch */,
			);
			path = SingeleChoiceDemo;
			sourceTree = "<group>";
		};
		60AF3EB42046A443002E3DB0 /* SingeleChoiceDemoTests */ = {
			isa = PBXGroup;
			children = (
				60AF3EB52046A443002E3DB0 /* SingeleChoiceDemoTests.m */,
				60AF3EB72046A443002E3DB0 /* Info.plist */,
			);
			path = SingeleChoiceDemoTests;
			sourceTree = "<group>";
		};
		60AF3EBF2046A443002E3DB0 /* SingeleChoiceDemoUITests */ = {
			isa = PBXGroup;
			children = (
				60AF3EC02046A443002E3DB0 /* SingeleChoiceDemoUITests.m */,
				60AF3EC22046A443002E3DB0 /* Info.plist */,
			);
			path = SingeleChoiceDemoUITests;
			sourceTree = "<group>";
		};
		60AF3EDB2046A4E3002E3DB0 /* L2H_MulChoose */ = {
			isa = PBXGroup;
			children = (
				60AF3EDC2046A4E3002E3DB0 /* TableMulChoose */,
				60AF3EE32046A4E3002E3DB0 /* Masonry */,
				60AF3EFE2046A4E3002E3DB0 /* CollectMulChoose */,
			);
			path = L2H_MulChoose;
			sourceTree = "<group>";
		};
		60AF3EDC2046A4E3002E3DB0 /* TableMulChoose */ = {
			isa = PBXGroup;
			children = (
				60AF3EDD2046A4E3002E3DB0 /* MulChooseTable.h */,
				60AF3EDE2046A4E3002E3DB0 /* SingleChooseTable.h */,
				60AF3EDF2046A4E3002E3DB0 /* TableChooseCell.h */,
				60AF3EE02046A4E3002E3DB0 /* SingleChooseTable.m */,
				60AF3EE12046A4E3002E3DB0 /* MulChooseTable.m */,
				60AF3EE22046A4E3002E3DB0 /* TableChooseCell.m */,
			);
			path = TableMulChoose;
			sourceTree = "<group>";
		};
		60AF3EE32046A4E3002E3DB0 /* Masonry */ = {
			isa = PBXGroup;
			children = (
				60AF3EE42046A4E3002E3DB0 /* MASCompositeConstraint.h */,
				60AF3EE52046A4E3002E3DB0 /* NSLayoutConstraint+MASDebugAdditions.m */,
				60AF3EE62046A4E3002E3DB0 /* MASConstraint+Private.h */,
				60AF3EE72046A4E3002E3DB0 /* MASLayoutConstraint.h */,
				60AF3EE82046A4E3002E3DB0 /* NSArray+MASShorthandAdditions.h */,
				60AF3EE92046A4E3002E3DB0 /* MASConstraintMaker.h */,
				60AF3EEA2046A4E3002E3DB0 /* View+MASAdditions.h */,
				60AF3EEB2046A4E3002E3DB0 /* NSArray+MASAdditions.h */,
				60AF3EEC2046A4E3002E3DB0 /* MASUtilities.h */,
				60AF3EED2046A4E3002E3DB0 /* MASViewAttribute.h */,
				60AF3EEE2046A4E3002E3DB0 /* ViewController+MASAdditions.m */,
				60AF3EEF2046A4E3002E3DB0 /* MASViewConstraint.h */,
				60AF3EF02046A4E3002E3DB0 /* MASConstraint.h */,
				60AF3EF12046A4E3002E3DB0 /* NSLayoutConstraint+MASDebugAdditions.h */,
				60AF3EF22046A4E3002E3DB0 /* MASCompositeConstraint.m */,
				60AF3EF32046A4E3002E3DB0 /* MASConstraintMaker.m */,
				60AF3EF42046A4E3002E3DB0 /* MASLayoutConstraint.m */,
				60AF3EF52046A4E3002E3DB0 /* NSArray+MASAdditions.m */,
				60AF3EF62046A4E3002E3DB0 /* View+MASAdditions.m */,
				60AF3EF72046A4E3002E3DB0 /* View+MASShorthandAdditions.h */,
				60AF3EF82046A4E3002E3DB0 /* Masonry.h */,
				60AF3EF92046A4E3002E3DB0 /* MASConstraint.m */,
				60AF3EFA2046A4E3002E3DB0 /* ViewController+MASAdditions.h */,
				60AF3EFB2046A4E3002E3DB0 /* MASViewConstraint.m */,
				60AF3EFC2046A4E3002E3DB0 /* MASViewAttribute.m */,
				60AF3EFD2046A4E3002E3DB0 /* Info.plist */,
			);
			path = Masonry;
			sourceTree = "<group>";
		};
		60AF3EFE2046A4E3002E3DB0 /* CollectMulChoose */ = {
			isa = PBXGroup;
			children = (
				60AF3EFF2046A4E3002E3DB0 /* HeaderView.m */,
				60AF3F002046A4E3002E3DB0 /* SingleChooseCollectview.h */,
				60AF3F012046A4E3002E3DB0 /* MulChooseCollectView.h */,
				60AF3F022046A4E3002E3DB0 /* CollectviewChooseCell.m */,
				60AF3F032046A4E3002E3DB0 /* HeaderView.h */,
				60AF3F042046A4E3002E3DB0 /* SingleChooseCollectview.m */,
				60AF3F052046A4E3002E3DB0 /* MulChooseCollectView.m */,
				60AF3F062046A4E3002E3DB0 /* CollectviewChooseCell.h */,
			);
			path = CollectMulChoose;
			sourceTree = "<group>";
		};
/* End PBXGroup section */

/* Begin PBXNativeTarget section */
		60AF3E982046A442002E3DB0 /* SingeleChoiceDemo */ = {
			isa = PBXNativeTarget;
			buildConfigurationList = 60AF3EC52046A443002E3DB0 /* Build configuration list for PBXNativeTarget "SingeleChoiceDemo" */;
			buildPhases = (
				60AF3E952046A442002E3DB0 /* Sources */,
				60AF3E962046A442002E3DB0 /* Frameworks */,
				60AF3E972046A442002E3DB0 /* Resources */,
			);
			buildRules = (
			);
			dependencies = (
			);
			name = SingeleChoiceDemo;
			productName = SingeleChoiceDemo;
			productReference = 60AF3E992046A442002E3DB0 /* SingeleChoiceDemo.app */;
			productType = "com.apple.product-type.application";
		};
		60AF3EB02046A443002E3DB0 /* SingeleChoiceDemoTests */ = {
			isa = PBXNativeTarget;
			buildConfigurationList = 60AF3EC82046A443002E3DB0 /* Build configuration list for PBXNativeTarget "SingeleChoiceDemoTests" */;
			buildPhases = (
				60AF3EAD2046A443002E3DB0 /* Sources */,
				60AF3EAE2046A443002E3DB0 /* Frameworks */,
				60AF3EAF2046A443002E3DB0 /* Resources */,
			);
			buildRules = (
			);
			dependencies = (
				60AF3EB32046A443002E3DB0 /* PBXTargetDependency */,
			);
			name = SingeleChoiceDemoTests;
			productName = SingeleChoiceDemoTests;
			productReference = 60AF3EB12046A443002E3DB0 /* SingeleChoiceDemoTests.xctest */;
			productType = "com.apple.product-type.bundle.unit-test";
		};
		60AF3EBB2046A443002E3DB0 /* SingeleChoiceDemoUITests */ = {
			isa = PBXNativeTarget;
			buildConfigurationList = 60AF3ECB2046A443002E3DB0 /* Build configuration list for PBXNativeTarget "SingeleChoiceDemoUITests" */;
			buildPhases = (
				60AF3EB82046A443002E3DB0 /* Sources */,
				60AF3EB92046A443002E3DB0 /* Frameworks */,
				60AF3EBA2046A443002E3DB0 /* Resources */,
			);
			buildRules = (
			);
			dependencies = (
				60AF3EBE2046A443002E3DB0 /* PBXTargetDependency */,
			);
			name = SingeleChoiceDemoUITests;
			productName = SingeleChoiceDemoUITests;
			productReference = 60AF3EBC2046A443002E3DB0 /* SingeleChoiceDemoUITests.xctest */;
			productType = "com.apple.product-type.bundle.ui-testing";
		};
/* End PBXNativeTarget section */

/* Begin PBXProject section */
		60AF3E912046A442002E3DB0 /* Project object */ = {
			isa = PBXProject;
			attributes = {
				LastUpgradeCheck = 0920;
				ORGANIZATIONNAME = wenhua;
				TargetAttributes = {
					60AF3E982046A442002E3DB0 = {
						CreatedOnToolsVersion = 9.2;
						ProvisioningStyle = Automatic;
					};
					60AF3EB02046A443002E3DB0 = {
						CreatedOnToolsVersion = 9.2;
						ProvisioningStyle = Automatic;
						TestTargetID = 60AF3E982046A442002E3DB0;
					};
					60AF3EBB2046A443002E3DB0 = {
						CreatedOnToolsVersion = 9.2;
						ProvisioningStyle = Automatic;
						TestTargetID = 60AF3E982046A442002E3DB0;
					};
				};
			};
			buildConfigurationList = 60AF3E942046A442002E3DB0 /* Build configuration list for PBXProject "SingeleChoiceDemo" */;
			compatibilityVersion = "Xcode 8.0";
			developmentRegion = en;
			hasScannedForEncodings = 0;
			knownRegions = (
				en,
				Base,
			);
			mainGroup = 60AF3E902046A442002E3DB0;
			productRefGroup = 60AF3E9A2046A442002E3DB0 /* Products */;
			projectDirPath = "";
			projectRoot = "";
			targets = (
				60AF3E982046A442002E3DB0 /* SingeleChoiceDemo */,
				60AF3EB02046A443002E3DB0 /* SingeleChoiceDemoTests */,
				60AF3EBB2046A443002E3DB0 /* SingeleChoiceDemoUITests */,
			);
		};
/* End PBXProject section */

/* Begin PBXResourcesBuildPhase section */
		60AF3E972046A442002E3DB0 /* Resources */ = {
			isa = PBXResourcesBuildPhase;
			buildActionMask = 2147483647;
			files = (
				60AF3F142046A4E3002E3DB0 /* Info.plist in Resources */,
				60AF3EA92046A442002E3DB0 /* LaunchScreen.storyboard in Resources */,
				60AF3EA62046A442002E3DB0 /* Assets.xcassets in Resources */,
				60AF3EA42046A442002E3DB0 /* Main.storyboard in Resources */,
			);
			runOnlyForDeploymentPostprocessing = 0;
		};
		60AF3EAF2046A443002E3DB0 /* Resources */ = {
			isa = PBXResourcesBuildPhase;
			buildActionMask = 2147483647;
			files = (
			);
			runOnlyForDeploymentPostprocessing = 0;
		};
		60AF3EBA2046A443002E3DB0 /* Resources */ = {
			isa = PBXResourcesBuildPhase;
			buildActionMask = 2147483647;
			files = (
			);
			runOnlyForDeploymentPostprocessing = 0;
		};
/* End PBXResourcesBuildPhase section */

/* Begin PBXSourcesBuildPhase section */
		60AF3E952046A442002E3DB0 /* Sources */ = {
			isa = PBXSourcesBuildPhase;
			buildActionMask = 2147483647;
			files = (
				60AF3F0A2046A4E3002E3DB0 /* NSLayoutConstraint+MASDebugAdditions.m in Sources */,
				60AF3F182046A4E3002E3DB0 /* MulChooseCollectView.m in Sources */,
				60AF3EA12046A442002E3DB0 /* ViewController.m in Sources */,
				60AF3F112046A4E3002E3DB0 /* MASConstraint.m in Sources */,
				60AF3F122046A4E3002E3DB0 /* MASViewConstraint.m in Sources */,
				60AF3F0B2046A4E3002E3DB0 /* ViewController+MASAdditions.m in Sources */,
				60AF3F132046A4E3002E3DB0 /* MASViewAttribute.m in Sources */,
				60AF3F072046A4E3002E3DB0 /* SingleChooseTable.m in Sources */,
				60AF3F152046A4E3002E3DB0 /* HeaderView.m in Sources */,
				60AF3F0C2046A4E3002E3DB0 /* MASCompositeConstraint.m in Sources */,
				60AF3F102046A4E3002E3DB0 /* View+MASAdditions.m in Sources */,
				60AF3ED72046A4DA002E3DB0 /* TableVC_MulChoose.m in Sources */,
				60AF3F082046A4E3002E3DB0 /* MulChooseTable.m in Sources */,
				60AF3F172046A4E3002E3DB0 /* SingleChooseCollectview.m in Sources */,
				60AF3F0E2046A4E3002E3DB0 /* MASLayoutConstraint.m in Sources */,
				60AF3F0D2046A4E3002E3DB0 /* MASConstraintMaker.m in Sources */,
				60AF3EAC2046A443002E3DB0 /* main.m in Sources */,
				60AF3ED92046A4DA002E3DB0 /* CollectViewVC_SingleChoose.m in Sources */,
				60AF3ED82046A4DA002E3DB0 /* CollectViewVC_Mulchoose.m in Sources */,
				60AF3F0F2046A4E3002E3DB0 /* NSArray+MASAdditions.m in Sources */,
				60AF3F162046A4E3002E3DB0 /* CollectviewChooseCell.m in Sources */,
				60AF3F092046A4E3002E3DB0 /* TableChooseCell.m in Sources */,
				60AF3EDA2046A4DA002E3DB0 /* TableVC_SingleChoose.m in Sources */,
				60AF3E9E2046A442002E3DB0 /* AppDelegate.m in Sources */,
			);
			runOnlyForDeploymentPostprocessing = 0;
		};
		60AF3EAD2046A443002E3DB0 /* Sources */ = {
			isa = PBXSourcesBuildPhase;
			buildActionMask = 2147483647;
			files = (
				60AF3EB62046A443002E3DB0 /* SingeleChoiceDemoTests.m in Sources */,
			);
			runOnlyForDeploymentPostprocessing = 0;
		};
		60AF3EB82046A443002E3DB0 /* Sources */ = {
			isa = PBXSourcesBuildPhase;
			buildActionMask = 2147483647;
			files = (
				60AF3EC12046A443002E3DB0 /* SingeleChoiceDemoUITests.m in Sources */,
			);
			runOnlyForDeploymentPostprocessing = 0;
		};
/* End PBXSourcesBuildPhase section */

/* Begin PBXTargetDependency section */
		60AF3EB32046A443002E3DB0 /* PBXTargetDependency */ = {
			isa = PBXTargetDependency;
			target = 60AF3E982046A442002E3DB0 /* SingeleChoiceDemo */;
			targetProxy = 60AF3EB22046A443002E3DB0 /* PBXContainerItemProxy */;
		};
		60AF3EBE2046A443002E3DB0 /* PBXTargetDependency */ = {
			isa = PBXTargetDependency;
			target = 60AF3E982046A442002E3DB0 /* SingeleChoiceDemo */;
			targetProxy = 60AF3EBD2046A443002E3DB0 /* PBXContainerItemProxy */;
		};
/* End PBXTargetDependency section */

/* Begin PBXVariantGroup section */
		60AF3EA22046A442002E3DB0 /* Main.storyboard */ = {
			isa = PBXVariantGroup;
			children = (
				60AF3EA32046A442002E3DB0 /* Base */,
			);
			name = Main.storyboard;
			sourceTree = "<group>";
		};
		60AF3EA72046A442002E3DB0 /* LaunchScreen.storyboard */ = {
			isa = PBXVariantGroup;
			children = (
				60AF3EA82046A442002E3DB0 /* Base */,
			);
			name = LaunchScreen.storyboard;
			sourceTree = "<group>";
		};
/* End PBXVariantGroup section */

/* Begin XCBuildConfiguration section */
		60AF3EC32046A443002E3DB0 /* Debug */ = {
			isa = XCBuildConfiguration;
			buildSettings = {
				ALWAYS_SEARCH_USER_PATHS = NO;
				CLANG_ANALYZER_NONNULL = YES;
				CLANG_ANALYZER_NUMBER_OBJECT_CONVERSION = YES_AGGRESSIVE;
				CLANG_CXX_LANGUAGE_STANDARD = "gnu++14";
				CLANG_CXX_LIBRARY = "libc++";
				CLANG_ENABLE_MODULES = YES;
				CLANG_ENABLE_OBJC_ARC = YES;
				CLANG_WARN_BLOCK_CAPTURE_AUTORELEASING = YES;
				CLANG_WARN_BOOL_CONVERSION = YES;
				CLANG_WARN_COMMA = YES;
				CLANG_WARN_CONSTANT_CONVERSION = YES;
				CLANG_WARN_DIRECT_OBJC_ISA_USAGE = YES_ERROR;
				CLANG_WARN_DOCUMENTATION_COMMENTS = YES;
				CLANG_WARN_EMPTY_BODY = YES;
				CLANG_WARN_ENUM_CONVERSION = YES;
				CLANG_WARN_INFINITE_RECURSION = YES;
				CLANG_WARN_INT_CONVERSION = YES;
				CLANG_WARN_NON_LITERAL_NULL_CONVERSION = YES;
				CLANG_WARN_OBJC_LITERAL_CONVERSION = YES;
				CLANG_WARN_OBJC_ROOT_CLASS = YES_ERROR;
				CLANG_WARN_RANGE_LOOP_ANALYSIS = YES;
				CLANG_WARN_STRICT_PROTOTYPES = YES;
				CLANG_WARN_SUSPICIOUS_MOVE = YES;
				CLANG_WARN_UNGUARDED_AVAILABILITY = YES_AGGRESSIVE;
				CLANG_WARN_UNREACHABLE_CODE = YES;
				CLANG_WARN__DUPLICATE_METHOD_MATCH = YES;
				CODE_SIGN_IDENTITY = "iPhone Developer";
				COPY_PHASE_STRIP = NO;
				DEBUG_INFORMATION_FORMAT = dwarf;
				ENABLE_STRICT_OBJC_MSGSEND = YES;
				ENABLE_TESTABILITY = YES;
				GCC_C_LANGUAGE_STANDARD = gnu11;
				GCC_DYNAMIC_NO_PIC = NO;
				GCC_NO_COMMON_BLOCKS = YES;
				GCC_OPTIMIZATION_LEVEL = 0;
				GCC_PREPROCESSOR_DEFINITIONS = (
					"DEBUG=1",
					"$(inherited)",
				);
				GCC_WARN_64_TO_32_BIT_CONVERSION = YES;
				GCC_WARN_ABOUT_RETURN_TYPE = YES_ERROR;
				GCC_WARN_UNDECLARED_SELECTOR = YES;
				GCC_WARN_UNINITIALIZED_AUTOS = YES_AGGRESSIVE;
				GCC_WARN_UNUSED_FUNCTION = YES;
				GCC_WARN_UNUSED_VARIABLE = YES;
				IPHONEOS_DEPLOYMENT_TARGET = 11.2;
				MTL_ENABLE_DEBUG_INFO = YES;
				ONLY_ACTIVE_ARCH = YES;
				SDKROOT = iphoneos;
			};
			name = Debug;
		};
		60AF3EC42046A443002E3DB0 /* Release */ = {
			isa = XCBuildConfiguration;
			buildSettings = {
				ALWAYS_SEARCH_USER_PATHS = NO;
				CLANG_ANALYZER_NONNULL = YES;
				CLANG_ANALYZER_NUMBER_OBJECT_CONVERSION = YES_AGGRESSIVE;
				CLANG_CXX_LANGUAGE_STANDARD = "gnu++14";
				CLANG_CXX_LIBRARY = "libc++";
				CLANG_ENABLE_MODULES = YES;
				CLANG_ENABLE_OBJC_ARC = YES;
				CLANG_WARN_BLOCK_CAPTURE_AUTORELEASING = YES;
				CLANG_WARN_BOOL_CONVERSION = YES;
				CLANG_WARN_COMMA = YES;
				CLANG_WARN_CONSTANT_CONVERSION = YES;
				CLANG_WARN_DIRECT_OBJC_ISA_USAGE = YES_ERROR;
				CLANG_WARN_DOCUMENTATION_COMMENTS = YES;
				CLANG_WARN_EMPTY_BODY = YES;
				CLANG_WARN_ENUM_CONVERSION = YES;
				CLANG_WARN_INFINITE_RECURSION = YES;
				CLANG_WARN_INT_CONVERSION = YES;
				CLANG_WARN_NON_LITERAL_NULL_CONVERSION = YES;
				CLANG_WARN_OBJC_LITERAL_CONVERSION = YES;
				CLANG_WARN_OBJC_ROOT_CLASS = YES_ERROR;
				CLANG_WARN_RANGE_LOOP_ANALYSIS = YES;
				CLANG_WARN_STRICT_PROTOTYPES = YES;
				CLANG_WARN_SUSPICIOUS_MOVE = YES;
				CLANG_WARN_UNGUARDED_AVAILABILITY = YES_AGGRESSIVE;
				CLANG_WARN_UNREACHABLE_CODE = YES;
				CLANG_WARN__DUPLICATE_METHOD_MATCH = YES;
				CODE_SIGN_IDENTITY = "iPhone Developer";
				COPY_PHASE_STRIP = NO;
				DEBUG_INFORMATION_FORMAT = "dwarf-with-dsym";
				ENABLE_NS_ASSERTIONS = NO;
				ENABLE_STRICT_OBJC_MSGSEND = YES;
				GCC_C_LANGUAGE_STANDARD = gnu11;
				GCC_NO_COMMON_BLOCKS = YES;
				GCC_WARN_64_TO_32_BIT_CONVERSION = YES;
				GCC_WARN_ABOUT_RETURN_TYPE = YES_ERROR;
				GCC_WARN_UNDECLARED_SELECTOR = YES;
				GCC_WARN_UNINITIALIZED_AUTOS = YES_AGGRESSIVE;
				GCC_WARN_UNUSED_FUNCTION = YES;
				GCC_WARN_UNUSED_VARIABLE = YES;
				IPHONEOS_DEPLOYMENT_TARGET = 11.2;
				MTL_ENABLE_DEBUG_INFO = NO;
				SDKROOT = iphoneos;
				VALIDATE_PRODUCT = YES;
			};
			name = Release;
		};
		60AF3EC62046A443002E3DB0 /* Debug */ = {
			isa = XCBuildConfiguration;
			buildSettings = {
				ASSETCATALOG_COMPILER_APPICON_NAME = AppIcon;
				CODE_SIGN_STYLE = Automatic;
				DEVELOPMENT_TEAM = 54MPCG4PLY;
				GCC_PREFIX_HEADER = "$(SRCROOT)/SingeleChoiceDemo/PrefixHeader.pch";
				INFOPLIST_FILE = SingeleChoiceDemo/Info.plist;
				LD_RUNPATH_SEARCH_PATHS = "$(inherited) @executable_path/Frameworks";
				PRODUCT_BUNDLE_IDENTIFIER = com.ulearning.cn.SingeleChoiceDemo;
				PRODUCT_NAME = "$(TARGET_NAME)";
				TARGETED_DEVICE_FAMILY = "1,2";
			};
			name = Debug;
		};
		60AF3EC72046A443002E3DB0 /* Release */ = {
			isa = XCBuildConfiguration;
			buildSettings = {
				ASSETCATALOG_COMPILER_APPICON_NAME = AppIcon;
				CODE_SIGN_STYLE = Automatic;
				DEVELOPMENT_TEAM = 54MPCG4PLY;
				GCC_PREFIX_HEADER = "$(SRCROOT)/SingeleChoiceDemo/PrefixHeader.pch";
				INFOPLIST_FILE = SingeleChoiceDemo/Info.plist;
				LD_RUNPATH_SEARCH_PATHS = "$(inherited) @executable_path/Frameworks";
				PRODUCT_BUNDLE_IDENTIFIER = com.ulearning.cn.SingeleChoiceDemo;
				PRODUCT_NAME = "$(TARGET_NAME)";
				TARGETED_DEVICE_FAMILY = "1,2";
			};
			name = Release;
		};
		60AF3EC92046A443002E3DB0 /* Debug */ = {
			isa = XCBuildConfiguration;
			buildSettings = {
				BUNDLE_LOADER = "$(TEST_HOST)";
				CODE_SIGN_STYLE = Automatic;
				DEVELOPMENT_TEAM = 54MPCG4PLY;
				INFOPLIST_FILE = SingeleChoiceDemoTests/Info.plist;
				LD_RUNPATH_SEARCH_PATHS = "$(inherited) @executable_path/Frameworks @loader_path/Frameworks";
				PRODUCT_BUNDLE_IDENTIFIER = com.ulearning.cn.SingeleChoiceDemoTests;
				PRODUCT_NAME = "$(TARGET_NAME)";
				TARGETED_DEVICE_FAMILY = "1,2";
				TEST_HOST = "$(BUILT_PRODUCTS_DIR)/SingeleChoiceDemo.app/SingeleChoiceDemo";
			};
			name = Debug;
		};
		60AF3ECA2046A443002E3DB0 /* Release */ = {
			isa = XCBuildConfiguration;
			buildSettings = {
				BUNDLE_LOADER = "$(TEST_HOST)";
				CODE_SIGN_STYLE = Automatic;
				DEVELOPMENT_TEAM = 54MPCG4PLY;
				INFOPLIST_FILE = SingeleChoiceDemoTests/Info.plist;
				LD_RUNPATH_SEARCH_PATHS = "$(inherited) @executable_path/Frameworks @loader_path/Frameworks";
				PRODUCT_BUNDLE_IDENTIFIER = com.ulearning.cn.SingeleChoiceDemoTests;
				PRODUCT_NAME = "$(TARGET_NAME)";
				TARGETED_DEVICE_FAMILY = "1,2";
				TEST_HOST = "$(BUILT_PRODUCTS_DIR)/SingeleChoiceDemo.app/SingeleChoiceDemo";
			};
			name = Release;
		};
		60AF3ECC2046A443002E3DB0 /* Debug */ = {
			isa = XCBuildConfiguration;
			buildSettings = {
				CODE_SIGN_STYLE = Automatic;
				DEVELOPMENT_TEAM = 54MPCG4PLY;
				INFOPLIST_FILE = SingeleChoiceDemoUITests/Info.plist;
				LD_RUNPATH_SEARCH_PATHS = "$(inherited) @executable_path/Frameworks @loader_path/Frameworks";
				PRODUCT_BUNDLE_IDENTIFIER = com.ulearning.cn.SingeleChoiceDemoUITests;
				PRODUCT_NAME = "$(TARGET_NAME)";
				TARGETED_DEVICE_FAMILY = "1,2";
				TEST_TARGET_NAME = SingeleChoiceDemo;
			};
			name = Debug;
		};
		60AF3ECD2046A443002E3DB0 /* Release */ = {
			isa = XCBuildConfiguration;
			buildSettings = {
				CODE_SIGN_STYLE = Automatic;
				DEVELOPMENT_TEAM = 54MPCG4PLY;
				INFOPLIST_FILE = SingeleChoiceDemoUITests/Info.plist;
				LD_RUNPATH_SEARCH_PATHS = "$(inherited) @executable_path/Frameworks @loader_path/Frameworks";
				PRODUCT_BUNDLE_IDENTIFIER = com.ulearning.cn.SingeleChoiceDemoUITests;
				PRODUCT_NAME = "$(TARGET_NAME)";
				TARGETED_DEVICE_FAMILY = "1,2";
				TEST_TARGET_NAME = SingeleChoiceDemo;
			};
			name = Release;
		};
/* End XCBuildConfiguration section */

/* Begin XCConfigurationList section */
		60AF3E942046A442002E3DB0 /* Build configuration list for PBXProject "SingeleChoiceDemo" */ = {
			isa = XCConfigurationList;
			buildConfigurations = (
				60AF3EC32046A443002E3DB0 /* Debug */,
				60AF3EC42046A443002E3DB0 /* Release */,
			);
			defaultConfigurationIsVisible = 0;
			defaultConfigurationName = Release;
		};
		60AF3EC52046A443002E3DB0 /* Build configuration list for PBXNativeTarget "SingeleChoiceDemo" */ = {
			isa = XCConfigurationList;
			buildConfigurations = (
				60AF3EC62046A443002E3DB0 /* Debug */,
				60AF3EC72046A443002E3DB0 /* Release */,
			);
			defaultConfigurationIsVisible = 0;
			defaultConfigurationName = Release;
		};
		60AF3EC82046A443002E3DB0 /* Build configuration list for PBXNativeTarget "SingeleChoiceDemoTests" */ = {
			isa = XCConfigurationList;
			buildConfigurations = (
				60AF3EC92046A443002E3DB0 /* Debug */,
				60AF3ECA2046A443002E3DB0 /* Release */,
			);
			defaultConfigurationIsVisible = 0;
			defaultConfigurationName = Release;
		};
		60AF3ECB2046A443002E3DB0 /* Build configuration list for PBXNativeTarget "SingeleChoiceDemoUITests" */ = {
			isa = XCConfigurationList;
			buildConfigurations = (
				60AF3ECC2046A443002E3DB0 /* Debug */,
				60AF3ECD2046A443002E3DB0 /* Release */,
			);
			defaultConfigurationIsVisible = 0;
			defaultConfigurationName = Release;
		};
/* End XCConfigurationList section */
	};
	rootObject = 60AF3E912046A442002E3DB0 /* Project object */;
}
